
Microsoft Visual Studio Solution File, Format Version 12.00
# Visual Studio Version 16
VisualStudioVersion = 16.0.30503.244
MinimumVisualStudioVersion = 10.0.40219.1
Project("{FAE04EC0-301F-11D3-BF4B-00C04F79EFBC}") = "Task1.CountCouples", "Task1.CountCouples\Task1.CountCouples.csproj", "{57BA7702-B074-4EED-99FC-A78CD29F0899}"
EndProject
Project("{FAE04EC0-301F-11D3-BF4B-00C04F79EFBC}") = "Task2.CountCouplesStatisClass", "Task2.CountCouplesStatisClass\Task2.CountCouplesStatisClass.csproj", "{6D027AE5-57BA-429E-87A2-9CC2D440A037}"
EndProject
Project("{FAE04EC0-301F-11D3-BF4B-00C04F79EFBC}") = "Task3A.ClassForWorkWithArray", "Task3A.ClassForWorkWithArray\Task3A.ClassForWorkWithArray.csproj", "{06699429-E21C-4610-BF7B-153557999521}"
EndProject
Project("{FAE04EC0-301F-11D3-BF4B-00C04F79EFBC}") = "Task3B.ClassForWorkWithArray", "Task3B.ClassForWorkWithArray\Task3B.ClassForWorkWithArray.csproj", "{47CE6800-D8D4-4661-A2FA-2D4E8480E460}"
EndProject
Project("{FAE04EC0-301F-11D3-BF4B-00C04F79EFBC}") = "Task3.DemonstrationLibrary", "Task3.DemonstrationLibrary\Task3.DemonstrationLibrary.csproj", "{AEC42989-FF2E-4410-AED1-B001BC5B62A1}"
EndProject
Project("{FAE04EC0-301F-11D3-BF4B-00C04F79EFBC}") = "Task4.CheckLoginAndPassword", "Task4.CheckLoginAndPassword\Task4.CheckLoginAndPassword.csproj", "{DB30056F-407D-4EEB-B35F-0767935CF00E}"
EndProject
Project("{FAE04EC0-301F-11D3-BF4B-00C04F79EFBC}") = "Task5.TwoDimensionalArray", "Task5.TwoDimensionalArray\Task5.TwoDimensionalArray.csproj", "{2A2AF89F-D6B4-4D95-AECC-E059141DE8E2}"
EndProject
Project("{FAE04EC0-301F-11D3-BF4B-00C04F79EFBC}") = "Test5.DemonstrationLibrary", "Test5.DemonstrationLibrary\Test5.DemonstrationLibrary.csproj", "{B11BE4B7-68CB-4C81-8BCD-94F7344EE714}"
EndProject
Global
	GlobalSection(SolutionConfigurationPlatforms) = preSolution
		Debug|Any CPU = Debug|Any CPU
		Release|Any CPU = Release|Any CPU
	EndGlobalSection
	GlobalSection(ProjectConfigurationPlatforms) = postSolution
		{57BA7702-B074-4EED-99FC-A78CD29F0899}.Debug|Any CPU.ActiveCfg = Debug|Any CPU
		{57BA7702-B074-4EED-99FC-A78CD29F0899}.Debug|Any CPU.Build.0 = Debug|Any CPU
		{57BA7702-B074-4EED-99FC-A78CD29F0899}.Release|Any CPU.ActiveCfg = Release|Any CPU
		{57BA7702-B074-4EED-99FC-A78CD29F0899}.Release|Any CPU.Build.0 = Release|Any CPU
		{6D027AE5-57BA-429E-87A2-9CC2D440A037}.Debug|Any CPU.ActiveCfg = Debug|Any CPU
		{6D027AE5-57BA-429E-87A2-9CC2D440A037}.Debug|Any CPU.Build.0 = Debug|Any CPU
		{6D027AE5-57BA-429E-87A2-9CC2D440A037}.Release|Any CPU.ActiveCfg = Release|Any CPU
		{6D027AE5-57BA-429E-87A2-9CC2D440A037}.Release|Any CPU.Build.0 = Release|Any CPU
		{06699429-E21C-4610-BF7B-153557999521}.Debug|Any CPU.ActiveCfg = Debug|Any CPU
		{06699429-E21C-4610-BF7B-153557999521}.Debug|Any CPU.Build.0 = Debug|Any CPU
		{06699429-E21C-4610-BF7B-153557999521}.Release|Any CPU.ActiveCfg = Release|Any CPU
		{06699429-E21C-4610-BF7B-153557999521}.Release|Any CPU.Build.0 = Release|Any CPU
		{47CE6800-D8D4-4661-A2FA-2D4E8480E460}.Debug|Any CPU.ActiveCfg = Debug|Any CPU
		{47CE6800-D8D4-4661-A2FA-2D4E8480E460}.Debug|Any CPU.Build.0 = Debug|Any CPU
		{47CE6800-D8D4-4661-A2FA-2D4E8480E460}.Release|Any CPU.ActiveCfg = Release|Any CPU
		{47CE6800-D8D4-4661-A2FA-2D4E8480E460}.Release|Any CPU.Build.0 = Release|Any CPU
		{AEC42989-FF2E-4410-AED1-B001BC5B62A1}.Debug|Any CPU.ActiveCfg = Debug|Any CPU
		{AEC42989-FF2E-4410-AED1-B001BC5B62A1}.Debug|Any CPU.Build.0 = Debug|Any CPU
		{AEC42989-FF2E-4410-AED1-B001BC5B62A1}.Release|Any CPU.ActiveCfg = Release|Any CPU
		{AEC42989-FF2E-4410-AED1-B001BC5B62A1}.Release|Any CPU.Build.0 = Release|Any CPU
		{DB30056F-407D-4EEB-B35F-0767935CF00E}.Debug|Any CPU.ActiveCfg = Debug|Any CPU
		{DB30056F-407D-4EEB-B35F-0767935CF00E}.Debug|Any CPU.Build.0 = Debug|Any CPU
		{DB30056F-407D-4EEB-B35F-0767935CF00E}.Release|Any CPU.ActiveCfg = Release|Any CPU
		{DB30056F-407D-4EEB-B35F-0767935CF00E}.Release|Any CPU.Build.0 = Release|Any CPU
		{2A2AF89F-D6B4-4D95-AECC-E059141DE8E2}.Debug|Any CPU.ActiveCfg = Debug|Any CPU
		{2A2AF89F-D6B4-4D95-AECC-E059141DE8E2}.Debug|Any CPU.Build.0 = Debug|Any CPU
		{2A2AF89F-D6B4-4D95-AECC-E059141DE8E2}.Release|Any CPU.ActiveCfg = Release|Any CPU
		{2A2AF89F-D6B4-4D95-AECC-E059141DE8E2}.Release|Any CPU.Build.0 = Release|Any CPU
		{B11BE4B7-68CB-4C81-8BCD-94F7344EE714}.Debug|Any CPU.ActiveCfg = Debug|Any CPU
		{B11BE4B7-68CB-4C81-8BCD-94F7344EE714}.Debug|Any CPU.Build.0 = Debug|Any CPU
		{B11BE4B7-68CB-4C81-8BCD-94F7344EE714}.Release|Any CPU.ActiveCfg = Release|Any CPU
		{B11BE4B7-68CB-4C81-8BCD-94F7344EE714}.Release|Any CPU.Build.0 = Release|Any CPU
	EndGlobalSection
	GlobalSection(SolutionProperties) = preSolution
		HideSolutionNode = FALSE
	EndGlobalSection
	GlobalSection(ExtensibilityGlobals) = postSolution
		SolutionGuid = {25254A0F-B6CF-4165-858C-CE87AD46564B}
	EndGlobalSection
EndGlobal
